// !$*UTF8*$!
{
	archiveVersion = 1;
	classes = {
	};
	objectVersion = 77;
	objects = {

/* Begin PBXBuildFile section */
		4DF59FED2E1613BF00EAB1DC /* libz.tbd in Frameworks */ = {isa = PBXBuildFile; fileRef = 4DF59FEC2E1613BE00EAB1DC /* libz.tbd */; };
		4DF59FEF2E1613CF00EAB1DC /* CFNetwork.framework in Frameworks */ = {isa = PBXBuildFile; fileRef = 4DF59FEE2E1613CF00EAB1DC /* CFNetwork.framework */; };
		4DF59FF12E1613DC00EAB1DC /* SystemConfiguration.framework in Frameworks */ = {isa = PBXBuildFile; fileRef = 4DF59FF02E1613DC00EAB1DC /* SystemConfiguration.framework */; };
/* End PBXBuildFile section */

/* Begin PBXContainerItemProxy section */
		4DF59F9C2E15A99000EAB1DC /* PBXContainerItemProxy */ = {
			isa = PBXContainerItemProxy;
			containerPortal = 4DF59F862E15A98F00EAB1DC /* Project object */;
			proxyType = 1;
			remoteGlobalIDString = 4DF59F8D2E15A98F00EAB1DC;
			remoteInfo = "Patient Photo";
		};
		4DF59FA62E15A99000EAB1DC /* PBXContainerItemProxy */ = {
			isa = PBXContainerItemProxy;
			containerPortal = 4DF59F862E15A98F00EAB1DC /* Project object */;
			proxyType = 1;
			remoteGlobalIDString = 4DF59F8D2E15A98F00EAB1DC;
			remoteInfo = "Patient Photo";
		};
/* End PBXContainerItemProxy section */

/* Begin PBXFileReference section */
		4DF59F8E2E15A98F00EAB1DC /* Patient Photo.app */ = {isa = PBXFileReference; explicitFileType = wrapper.application; includeInIndex = 0; path = "Patient Photo.app"; sourceTree = BUILT_PRODUCTS_DIR; };
		4DF59F9B2E15A99000EAB1DC /* Patient PhotoTests.xctest */ = {isa = PBXFileReference; explicitFileType = wrapper.cfbundle; includeInIndex = 0; path = "Patient PhotoTests.xctest"; sourceTree = BUILT_PRODUCTS_DIR; };
		4DF59FA52E15A99000EAB1DC /* Patient PhotoUITests.xctest */ = {isa = PBXFileReference; explicitFileType = wrapper.cfbundle; includeInIndex = 0; path = "Patient PhotoUITests.xctest"; sourceTree = BUILT_PRODUCTS_DIR; };
		4DF59FEC2E1613BE00EAB1DC /* libz.tbd */ = {isa = PBXFileReference; lastKnownFileType = "sourcecode.text-based-dylib-definition"; name = libz.tbd; path = usr/lib/libz.tbd; sourceTree = SDKROOT; };
		4DF59FEE2E1613CF00EAB1DC /* CFNetwork.framework */ = {isa = PBXFileReference; lastKnownFileType = wrapper.framework; name = CFNetwork.framework; path = System/Library/Frameworks/CFNetwork.framework; sourceTree = SDKROOT; };
		4DF59FF02E1613DC00EAB1DC /* SystemConfiguration.framework */ = {isa = PBXFileReference; lastKnownFileType = wrapper.framework; name = SystemConfiguration.framework; path = System/Library/Frameworks/SystemConfiguration.framework; sourceTree = SDKROOT; };
/* End PBXFileReference section */

/* Begin PBXFileSystemSynchronizedRootGroup section */
		4DF59F902E15A98F00EAB1DC /* Patient Photo */ = {
			isa = PBXFileSystemSynchronizedRootGroup;
			path = "Patient Photo";
			sourceTree = "<group>";
		};
		4DF59F9E2E15A99000EAB1DC /* Patient PhotoTests */ = {
			isa = PBXFileSystemSynchronizedRootGroup;
			path = "Patient PhotoTests";
			sourceTree = "<group>";
		};
		4DF59FA82E15A99000EAB1DC /* Patient PhotoUITests */ = {
			isa = PBXFileSystemSynchronizedRootGroup;
			path = "Patient PhotoUITests";
			sourceTree = "<group>";
		};
/* End PBXFileSystemSynchronizedRootGroup section */

/* Begin PBXFrameworksBuildPhase section */
		4DF59F8B2E15A98F00EAB1DC /* Frameworks */ = {
			isa = PBXFrameworksBuildPhase;
			buildActionMask = 2147483647;
			files = (
				4DF59FF12E1613DC00EAB1DC /* SystemConfiguration.framework in Frameworks */,
				4DF59FEF2E1613CF00EAB1DC /* CFNetwork.framework in Frameworks */,
				4DF59FED2E1613BF00EAB1DC /* libz.tbd in Frameworks */,
			);
			runOnlyForDeploymentPostprocessing = 0;
		};
		4DF59F982E15A99000EAB1DC /* Frameworks */ = {
			isa = PBXFrameworksBuildPhase;
			buildActionMask = 2147483647;
			files = (
			);
			runOnlyForDeploymentPostprocessing = 0;
		};
		4DF59FA22E15A99000EAB1DC /* Frameworks */ = {
			isa = PBXFrameworksBuildPhase;
			buildActionMask = 2147483647;
			files = (
			);
			runOnlyForDeploymentPostprocessing = 0;
		};
/* End PBXFrameworksBuildPhase section */

/* Begin PBXGroup section */
		4DF59F852E15A98F00EAB1DC = {
			isa = PBXGroup;
			children = (
				4DF59F902E15A98F00EAB1DC /* Patient Photo */,
				4DF59F9E2E15A99000EAB1DC /* Patient PhotoTests */,
				4DF59FA82E15A99000EAB1DC /* Patient PhotoUITests */,
				4DF59FEB2E1613BE00EAB1DC /* Frameworks */,
				4DF59F8F2E15A98F00EAB1DC /* Products */,
			);
			sourceTree = "<group>";
		};
		4DF59F8F2E15A98F00EAB1DC /* Products */ = {
			isa = PBXGroup;
			children = (
				4DF59F8E2E15A98F00EAB1DC /* Patient Photo.app */,
				4DF59F9B2E15A99000EAB1DC /* Patient PhotoTests.xctest */,
				4DF59FA52E15A99000EAB1DC /* Patient PhotoUITests.xctest */,
			);
			name = Products;
			sourceTree = "<group>";
		};
		4DF59FEB2E1613BE00EAB1DC /* Frameworks */ = {
			isa = PBXGroup;
			children = (
				4DF59FF02E1613DC00EAB1DC /* SystemConfiguration.framework */,
				4DF59FEE2E1613CF00EAB1DC /* CFNetwork.framework */,
				4DF59FEC2E1613BE00EAB1DC /* libz.tbd */,
			);
			name = Frameworks;
			sourceTree = "<group>";
		};
/* End PBXGroup section */

/* Begin PBXNativeTarget section */
		4DF59F8D2E15A98F00EAB1DC /* Patient Photo */ = {
			isa = PBXNativeTarget;
			buildConfigurationList = 4DF59FAF2E15A99000EAB1DC /* Build configuration list for PBXNativeTarget "Patient Photo" */;
			buildPhases = (
				4DF59F8A2E15A98F00EAB1DC /* Sources */,
				4DF59F8B2E15A98F00EAB1DC /* Frameworks */,
				4DF59F8C2E15A98F00EAB1DC /* Resources */,
			);
			buildRules = (
			);
			dependencies = (
			);
			fileSystemSynchronizedGroups = (
				4DF59F902E15A98F00EAB1DC /* Patient Photo */,
			);
			name = "Patient Photo";
			packageProductDependencies = (
			);
			productName = "Patient Photo";
			productReference = 4DF59F8E2E15A98F00EAB1DC /* Patient Photo.app */;
			productType = "com.apple.product-type.application";
		};
		4DF59F9A2E15A99000EAB1DC /* Patient PhotoTests */ = {
			isa = PBXNativeTarget;
			buildConfigurationList = 4DF59FB22E15A99000EAB1DC /* Build configuration list for PBXNativeTarget "Patient PhotoTests" */;
			buildPhases = (
				4DF59F972E15A99000EAB1DC /* Sources */,
				4DF59F982E15A99000EAB1DC /* Frameworks */,
				4DF59F992E15A99000EAB1DC /* Resources */,
			);
			buildRules = (
			);
			dependencies = (
				4DF59F9D2E15A99000EAB1DC /* PBXTargetDependency */,
			);
			fileSystemSynchronizedGroups = (
				4DF59F9E2E15A99000EAB1DC /* Patient PhotoTests */,
			);
			name = "Patient PhotoTests";
			packageProductDependencies = (
			);
			productName = "Patient PhotoTests";
			productReference = 4DF59F9B2E15A99000EAB1DC /* Patient PhotoTests.xctest */;
			productType = "com.apple.product-type.bundle.unit-test";
		};
		4DF59FA42E15A99000EAB1DC /* Patient PhotoUITests */ = {
			isa = PBXNativeTarget;
			buildConfigurationList = 4DF59FB52E15A99000EAB1DC /* Build configuration list for PBXNativeTarget "Patient PhotoUITests" */;
			buildPhases = (
				4DF59FA12E15A99000EAB1DC /* Sources */,
				4DF59FA22E15A99000EAB1DC /* Frameworks */,
				4DF59FA32E15A99000EAB1DC /* Resources */,
			);
			buildRules = (
			);
			dependencies = (
				4DF59FA72E15A99000EAB1DC /* PBXTargetDependency */,
			);
			fileSystemSynchronizedGroups = (
				4DF59FA82E15A99000EAB1DC /* Patient PhotoUITests */,
			);
			name = "Patient PhotoUITests";
			packageProductDependencies = (
			);
			productName = "Patient PhotoUITests";
			productReference = 4DF59FA52E15A99000EAB1DC /* Patient PhotoUITests.xctest */;
			productType = "com.apple.product-type.bundle.ui-testing";
		};
/* End PBXNativeTarget section */

/* Begin PBXProject section */
		4DF59F862E15A98F00EAB1DC /* Project object */ = {
			isa = PBXProject;
			attributes = {
				BuildIndependentTargetsInParallel = 1;
				LastSwiftUpdateCheck = 1640;
				LastUpgradeCheck = 1640;
				TargetAttributes = {
					4DF59F8D2E15A98F00EAB1DC = {
						CreatedOnToolsVersion = 16.4;
					};
					4DF59F9A2E15A99000EAB1DC = {
						CreatedOnToolsVersion = 16.4;
						TestTargetID = 4DF59F8D2E15A98F00EAB1DC;
					};
					4DF59FA42E15A99000EAB1DC = {
						CreatedOnToolsVersion = 16.4;
						TestTargetID = 4DF59F8D2E15A98F00EAB1DC;
					};
				};
			};
			buildConfigurationList = 4DF59F892E15A98F00EAB1DC /* Build configuration list for PBXProject "Patient Photo" */;
			developmentRegion = en;
			hasScannedForEncodings = 0;
			knownRegions = (
				en,
				Base,
			);
			mainGroup = 4DF59F852E15A98F00EAB1DC;
			minimizedProjectReferenceProxies = 1;
			preferredProjectObjectVersion = 77;
			productRefGroup = 4DF59F8F2E15A98F00EAB1DC /* Products */;
			projectDirPath = "";
			projectRoot = "";
			targets = (
				4DF59F8D2E15A98F00EAB1DC /* Patient Photo */,
				4DF59F9A2E15A99000EAB1DC /* Patient PhotoTests */,
				4DF59FA42E15A99000EAB1DC /* Patient PhotoUITests */,
			);
		};
/* End PBXProject section */

/* Begin PBXResourcesBuildPhase section */
		4DF59F8C2E15A98F00EAB1DC /* Resources */ = {
			isa = PBXResourcesBuildPhase;
			buildActionMask = 2147483647;
			files = (
			);
			runOnlyForDeploymentPostprocessing = 0;
		};
		4DF59F992E15A99000EAB1DC /* Resources */ = {
			isa = PBXResourcesBuildPhase;
			buildActionMask = 2147483647;
			files = (
			);
			runOnlyForDeploymentPostprocessing = 0;
		};
		4DF59FA32E15A99000EAB1DC /* Resources */ = {
			isa = PBXResourcesBuildPhase;
			buildActionMask = 2147483647;
			files = (
			);
			runOnlyForDeploymentPostprocessing = 0;
		};
/* End PBXResourcesBuildPhase section */

/* Begin PBXSourcesBuildPhase section */
		4DF59F8A2E15A98F00EAB1DC /* Sources */ = {
			isa = PBXSourcesBuildPhase;
			buildActionMask = 2147483647;
			files = (
			);
			runOnlyForDeploymentPostprocessing = 0;
		};
		4DF59F972E15A99000EAB1DC /* Sources */ = {
			isa = PBXSourcesBuildPhase;
			buildActionMask = 2147483647;
			files = (
			);
			runOnlyForDeploymentPostprocessing = 0;
		};
		4DF59FA12E15A99000EAB1DC /* Sources */ = {
			isa = PBXSourcesBuildPhase;
			buildActionMask = 2147483647;
			files = (
			);
			runOnlyForDeploymentPostprocessing = 0;
		};
/* End PBXSourcesBuildPhase section */

/* Begin PBXTargetDependency section */
		4DF59F9D2E15A99000EAB1DC /* PBXTargetDependency */ = {
			isa = PBXTargetDependency;
			target = 4DF59F8D2E15A98F00EAB1DC /* Patient Photo */;
			targetProxy = 4DF59F9C2E15A99000EAB1DC /* PBXContainerItemProxy */;
		};
		4DF59FA72E15A99000EAB1DC /* PBXTargetDependency */ = {
			isa = PBXTargetDependency;
			target = 4DF59F8D2E15A98F00EAB1DC /* Patient Photo */;
			targetProxy = 4DF59FA62E15A99000EAB1DC /* PBXContainerItemProxy */;
		};
/* End PBXTargetDependency section */

/* Begin XCBuildConfiguration section */
		4DF59FAD2E15A99000EAB1DC /* Debug */ = {
			isa = XCBuildConfiguration;
			buildSettings = {
				ALWAYS_SEARCH_USER_PATHS = NO;
				ASSETCATALOG_COMPILER_GENERATE_SWIFT_ASSET_SYMBOL_EXTENSIONS = YES;
				CLANG_ANALYZER_NONNULL = YES;
				CLANG_ANALYZER_NUMBER_OBJECT_CONVERSION = YES_AGGRESSIVE;
				CLANG_CXX_LANGUAGE_STANDARD = "gnu++20";
				CLANG_ENABLE_MODULES = YES;
				CLANG_ENABLE_OBJC_ARC = YES;
				CLANG_ENABLE_OBJC_WEAK = YES;
				CLANG_WARN_BLOCK_CAPTURE_AUTORELEASING = YES;
				CLANG_WARN_BOOL_CONVERSION = YES;
				CLANG_WARN_COMMA = YES;
				CLANG_WARN_CONSTANT_CONVERSION = YES;
				CLANG_WARN_DEPRECATED_OBJC_IMPLEMENTATIONS = YES;
				CLANG_WARN_DIRECT_OBJC_ISA_USAGE = YES_ERROR;
				CLANG_WARN_DOCUMENTATION_COMMENTS = YES;
				CLANG_WARN_EMPTY_BODY = YES;
				CLANG_WARN_ENUM_CONVERSION = YES;
				CLANG_WARN_INFINITE_RECURSION = YES;
				CLANG_WARN_INT_CONVERSION = YES;
				CLANG_WARN_NON_LITERAL_NULL_CONVERSION = YES;
				CLANG_WARN_OBJC_IMPLICIT_RETAIN_SELF = YES;
				CLANG_WARN_OBJC_LITERAL_CONVERSION = YES;
				CLANG_WARN_OBJC_ROOT_CLASS = YES_ERROR;
				CLANG_WARN_QUOTED_INCLUDE_IN_FRAMEWORK_HEADER = YES;
				CLANG_WARN_RANGE_LOOP_ANALYSIS = YES;
				CLANG_WARN_STRICT_PROTOTYPES = YES;
				CLANG_WARN_SUSPICIOUS_MOVE = YES;
				CLANG_WARN_UNGUARDED_AVAILABILITY = YES_AGGRESSIVE;
				CLANG_WARN_UNREACHABLE_CODE = YES;
				CLANG_WARN__DUPLICATE_METHOD_MATCH = YES;
				COPY_PHASE_STRIP = NO;
				DEBUG_INFORMATION_FORMAT = dwarf;
				DEVELOPMENT_TEAM = KSFQHNX4S8;
				ENABLE_STRICT_OBJC_MSGSEND = YES;
				ENABLE_TESTABILITY = YES;
				ENABLE_USER_SCRIPT_SANDBOXING = YES;
				GCC_C_LANGUAGE_STANDARD = gnu17;
				GCC_DYNAMIC_NO_PIC = NO;
				GCC_NO_COMMON_BLOCKS = YES;
				GCC_OPTIMIZATION_LEVEL = 0;
				GCC_PREPROCESSOR_DEFINITIONS = (
					"DEBUG=1",
					"$(inherited)",
				);
				GCC_WARN_64_TO_32_BIT_CONVERSION = YES;
				GCC_WARN_ABOUT_RETURN_TYPE = YES_ERROR;
				GCC_WARN_UNDECLARED_SELECTOR = YES;
				GCC_WARN_UNINITIALIZED_AUTOS = YES_AGGRESSIVE;
				GCC_WARN_UNUSED_FUNCTION = YES;
				GCC_WARN_UNUSED_VARIABLE = YES;
				IPHONEOS_DEPLOYMENT_TARGET = 18.5;
				LOCALIZATION_PREFERS_STRING_CATALOGS = YES;
				MTL_ENABLE_DEBUG_INFO = INCLUDE_SOURCE;
				MTL_FAST_MATH = YES;
				ONLY_ACTIVE_ARCH = YES;
				SDKROOT = iphoneos;
				SWIFT_ACTIVE_COMPILATION_CONDITIONS = "DEBUG $(inherited)";
				SWIFT_OPTIMIZATION_LEVEL = "-Onone";
			};
			name = Debug;
		};
		4DF59FAE2E15A99000EAB1DC /* Release */ = {
			isa = XCBuildConfiguration;
			buildSettings = {
				ALWAYS_SEARCH_USER_PATHS = NO;
				ASSETCATALOG_COMPILER_GENERATE_SWIFT_ASSET_SYMBOL_EXTENSIONS = YES;
				CLANG_ANALYZER_NONNULL = YES;
				CLANG_ANALYZER_NUMBER_OBJECT_CONVERSION = YES_AGGRESSIVE;
				CLANG_CXX_LANGUAGE_STANDARD = "gnu++20";
				CLANG_ENABLE_MODULES = YES;
				CLANG_ENABLE_OBJC_ARC = YES;
				CLANG_ENABLE_OBJC_WEAK = YES;
				CLANG_WARN_BLOCK_CAPTURE_AUTORELEASING = YES;
				CLANG_WARN_BOOL_CONVERSION = YES;
				CLANG_WARN_COMMA = YES;
				CLANG_WARN_CONSTANT_CONVERSION = YES;
				CLANG_WARN_DEPRECATED_OBJC_IMPLEMENTATIONS = YES;
				CLANG_WARN_DIRECT_OBJC_ISA_USAGE = YES_ERROR;
				CLANG_WARN_DOCUMENTATION_COMMENTS = YES;
				CLANG_WARN_EMPTY_BODY = YES;
				CLANG_WARN_ENUM_CONVERSION = YES;
				CLANG_WARN_INFINITE_RECURSION = YES;
				CLANG_WARN_INT_CONVERSION = YES;
				CLANG_WARN_NON_LITERAL_NULL_CONVERSION = YES;
				CLANG_WARN_OBJC_IMPLICIT_RETAIN_SELF = YES;
				CLANG_WARN_OBJC_LITERAL_CONVERSION = YES;
				CLANG_WARN_OBJC_ROOT_CLASS = YES_ERROR;
				CLANG_WARN_QUOTED_INCLUDE_IN_FRAMEWORK_HEADER = YES;
				CLANG_WARN_RANGE_LOOP_ANALYSIS = YES;
				CLANG_WARN_STRICT_PROTOTYPES = YES;
				CLANG_WARN_SUSPICIOUS_MOVE = YES;
				CLANG_WARN_UNGUARDED_AVAILABILITY = YES_AGGRESSIVE;
				CLANG_WARN_UNREACHABLE_CODE = YES;
				CLANG_WARN__DUPLICATE_METHOD_MATCH = YES;
				COPY_PHASE_STRIP = NO;
				DEBUG_INFORMATION_FORMAT = "dwarf-with-dsym";
				DEVELOPMENT_TEAM = KSFQHNX4S8;
				ENABLE_NS_ASSERTIONS = NO;
				ENABLE_STRICT_OBJC_MSGSEND = YES;
				ENABLE_USER_SCRIPT_SANDBOXING = YES;
				GCC_C_LANGUAGE_STANDARD = gnu17;
				GCC_NO_COMMON_BLOCKS = YES;
				GCC_WARN_64_TO_32_BIT_CONVERSION = YES;
				GCC_WARN_ABOUT_RETURN_TYPE = YES_ERROR;
				GCC_WARN_UNDECLARED_SELECTOR = YES;
				GCC_WARN_UNINITIALIZED_AUTOS = YES_AGGRESSIVE;
				GCC_WARN_UNUSED_FUNCTION = YES;
				GCC_WARN_UNUSED_VARIABLE = YES;
				IPHONEOS_DEPLOYMENT_TARGET = 18.5;
				LOCALIZATION_PREFERS_STRING_CATALOGS = YES;
				MTL_ENABLE_DEBUG_INFO = NO;
				MTL_FAST_MATH = YES;
				SDKROOT = iphoneos;
				SWIFT_COMPILATION_MODE = wholemodule;
				VALIDATE_PRODUCT = YES;
			};
			name = Release;
		};
		4DF59FB02E15A99000EAB1DC /* Debug */ = {
			isa = XCBuildConfiguration;
			buildSettings = {
				ASSETCATALOG_COMPILER_APPICON_NAME = AppIcon;
				ASSETCATALOG_COMPILER_GLOBAL_ACCENT_COLOR_NAME = AccentColor;
				CODE_SIGN_STYLE = Automatic;
				CURRENT_PROJECT_VERSION = 1;
				DEVELOPMENT_TEAM = KSFQHNX4S8;
				ENABLE_PREVIEWS = YES;
				GENERATE_INFOPLIST_FILE = YES;
				INFOPLIST_KEY_CFBundleDisplayName = "Patient Photo";
				INFOPLIST_KEY_LSApplicationCategoryType = "public.app-category.photography";
				INFOPLIST_KEY_LSSupportsOpeningDocumentsInPlace = YES;
				INFOPLIST_KEY_NSCameraUsageDescription = "This medical app requires camera access to capture patient photos for healthcare documentation purposes.";
				INFOPLIST_KEY_UIApplicationSceneManifest_Generation = YES;
				INFOPLIST_KEY_UIApplicationSupportsIndirectInputEvents = YES;
				INFOPLIST_KEY_UIFileSharingEnabled = YES;
				INFOPLIST_KEY_UILaunchScreen_Generation = YES;
				INFOPLIST_KEY_UISupportedInterfaceOrientations_iPad = "UIInterfaceOrientationPortrait UIInterfaceOrientationPortraitUpsideDown UIInterfaceOrientationLandscapeLeft UIInterfaceOrientationLandscapeRight";
				INFOPLIST_KEY_UISupportedInterfaceOrientations_iPhone = "UIInterfaceOrientationPortrait UIInterfaceOrientationLandscapeLeft UIInterfaceOrientationLandscapeRight";
				IPHONEOS_DEPLOYMENT_TARGET = 15.6;
				LD_RUNPATH_SEARCH_PATHS = (
					"$(inherited)",
					"@executable_path/Frameworks",
				);
				LIBRARY_SEARCH_PATHS = "$(inherited)";
				MARKETING_VERSION = 2.0;
				PRODUCT_BUNDLE_IDENTIFIER = "com.marlixholdings.Patient-Photo";
				PRODUCT_NAME = "$(TARGET_NAME)";
				SUPPORTED_PLATFORMS = "iphoneos iphonesimulator";
				SUPPORTS_MACCATALYST = NO;
				SUPPORTS_XR_DESIGNED_FOR_IPHONE_IPAD = NO;
				SWIFT_EMIT_LOC_STRINGS = YES;
				SWIFT_VERSION = 5.0;
				TARGETED_DEVICE_FAMILY = "1,2";
			};
			name = Debug;
		};
		4DF59FB12E15A99000EAB1DC /* Release */ = {
			isa = XCBuildConfiguration;
			buildSettings = {
				ASSETCATALOG_COMPILER_APPICON_NAME = AppIcon;
				ASSETCATALOG_COMPILER_GLOBAL_ACCENT_COLOR_NAME = AccentColor;
				CODE_SIGN_STYLE = Automatic;
				CURRENT_PROJECT_VERSION = 1;
				DEVELOPMENT_TEAM = KSFQHNX4S8;
				ENABLE_PREVIEWS = YES;
				GENERATE_INFOPLIST_FILE = YES;
				INFOPLIST_KEY_CFBundleDisplayName = "Patient Photo";
				INFOPLIST_KEY_LSApplicationCategoryType = "public.app-category.photography";
				INFOPLIST_KEY_LSSupportsOpeningDocumentsInPlace = YES;
				INFOPLIST_KEY_NSCameraUsageDescription = "This medical app requires camera access to capture patient photos for healthcare documentation purposes.";
				INFOPLIST_KEY_UIApplicationSceneManifest_Generation = YES;
				INFOPLIST_KEY_UIApplicationSupportsIndirectInputEvents = YES;
				INFOPLIST_KEY_UIFileSharingEnabled = YES;
				INFOPLIST_KEY_UILaunchScreen_Generation = YES;
				INFOPLIST_KEY_UISupportedInterfaceOrientations_iPad = "UIInterfaceOrientationPortrait UIInterfaceOrientationPortraitUpsideDown UIInterfaceOrientationLandscapeLeft UIInterfaceOrientationLandscapeRight";
				INFOPLIST_KEY_UISupportedInterfaceOrientations_iPhone = "UIInterfaceOrientationPortrait UIInterfaceOrientationLandscapeLeft UIInterfaceOrientationLandscapeRight";
				IPHONEOS_DEPLOYMENT_TARGET = 15.6;
				LD_RUNPATH_SEARCH_PATHS = (
					"$(inherited)",
					"@executable_path/Frameworks",
				);
				LIBRARY_SEARCH_PATHS = "$(inherited)";
				MARKETING_VERSION = 2.0;
				PRODUCT_BUNDLE_IDENTIFIER = "com.marlixholdings.Patient-Photo";
				PRODUCT_NAME = "$(TARGET_NAME)";
				SUPPORTED_PLATFORMS = "iphoneos iphonesimulator";
				SUPPORTS_MACCATALYST = NO;
				SUPPORTS_XR_DESIGNED_FOR_IPHONE_IPAD = NO;
				SWIFT_EMIT_LOC_STRINGS = YES;
				SWIFT_VERSION = 5.0;
				TARGETED_DEVICE_FAMILY = "1,2";
			};
			name = Release;
		};
		4DF59FB32E15A99000EAB1DC /* Debug */ = {
			isa = XCBuildConfiguration;
			buildSettings = {
				BUNDLE_LOADER = "$(TEST_HOST)";
				CODE_SIGN_STYLE = Automatic;
				CURRENT_PROJECT_VERSION = 1;
				DEVELOPMENT_TEAM = KSFQHNX4S8;
				GENERATE_INFOPLIST_FILE = YES;
				IPHONEOS_DEPLOYMENT_TARGET = 18.5;
				MARKETING_VERSION = 2.0;
				PRODUCT_BUNDLE_IDENTIFIER = "com.marlixholdings.Patient-PhotoTests";
				PRODUCT_NAME = "$(TARGET_NAME)";
				SWIFT_EMIT_LOC_STRINGS = NO;
				SWIFT_VERSION = 5.0;
				TARGETED_DEVICE_FAMILY = "1,2";
				TEST_HOST = "$(BUILT_PRODUCTS_DIR)/Patient Photo.app/$(BUNDLE_EXECUTABLE_FOLDER_PATH)/Patient Photo";
			};
			name = Debug;
		};
		4DF59FB42E15A99000EAB1DC /* Release */ = {
			isa = XCBuildConfiguration;
			buildSettings = {
				BUNDLE_LOADER = "$(TEST_HOST)";
				CODE_SIGN_STYLE = Automatic;
				CURRENT_PROJECT_VERSION = 1;
				DEVELOPMENT_TEAM = KSFQHNX4S8;
				GENERATE_INFOPLIST_FILE = YES;
				IPHONEOS_DEPLOYMENT_TARGET = 18.5;
				MARKETING_VERSION = 2.0;
				PRODUCT_BUNDLE_IDENTIFIER = "com.marlixholdings.Patient-PhotoTests";
				PRODUCT_NAME = "$(TARGET_NAME)";
				SWIFT_EMIT_LOC_STRINGS = NO;
				SWIFT_VERSION = 5.0;
				TARGETED_DEVICE_FAMILY = "1,2";
				TEST_HOST = "$(BUILT_PRODUCTS_DIR)/Patient Photo.app/$(BUNDLE_EXECUTABLE_FOLDER_PATH)/Patient Photo";
			};
			name = Release;
		};
		4DF59FB62E15A99000EAB1DC /* Debug */ = {
			isa = XCBuildConfiguration;
			buildSettings = {
				CODE_SIGN_STYLE = Automatic;
				CURRENT_PROJECT_VERSION = 1;
				DEVELOPMENT_TEAM = KSFQHNX4S8;
				GENERATE_INFOPLIST_FILE = YES;
				MARKETING_VERSION = 2.0;
				PRODUCT_BUNDLE_IDENTIFIER = "com.marlixholdings.Patient-PhotoUITests";
				PRODUCT_NAME = "$(TARGET_NAME)";
				SWIFT_EMIT_LOC_STRINGS = NO;
				SWIFT_VERSION = 5.0;
				TARGETED_DEVICE_FAMILY = "1,2";
				TEST_TARGET_NAME = "Patient Photo";
			};
			name = Debug;
		};
		4DF59FB72E15A99000EAB1DC /* Release */ = {
			isa = XCBuildConfiguration;
			buildSettings = {
				CODE_SIGN_STYLE = Automatic;
				CURRENT_PROJECT_VERSION = 1;
				DEVELOPMENT_TEAM = KSFQHNX4S8;
				GENERATE_INFOPLIST_FILE = YES;
				MARKETING_VERSION = 2.0;
				PRODUCT_BUNDLE_IDENTIFIER = "com.marlixholdings.Patient-PhotoUITests";
				PRODUCT_NAME = "$(TARGET_NAME)";
				SWIFT_EMIT_LOC_STRINGS = NO;
				SWIFT_VERSION = 5.0;
				TARGETED_DEVICE_FAMILY = "1,2";
				TEST_TARGET_NAME = "Patient Photo";
			};
			name = Release;
		};
/* End XCBuildConfiguration section */

/* Begin XCConfigurationList section */
		4DF59F892E15A98F00EAB1DC /* Build configuration list for PBXProject "Patient Photo" */ = {
			isa = XCConfigurationList;
			buildConfigurations = (
				4DF59FAD2E15A99000EAB1DC /* Debug */,
				4DF59FAE2E15A99000EAB1DC /* Release */,
			);
			defaultConfigurationIsVisible = 0;
			defaultConfigurationName = Release;
		};
		4DF59FAF2E15A99000EAB1DC /* Build configuration list for PBXNativeTarget "Patient Photo" */ = {
			isa = XCConfigurationList;
			buildConfigurations = (
				4DF59FB02E15A99000EAB1DC /* Debug */,
				4DF59FB12E15A99000EAB1DC /* Release */,
			);
			defaultConfigurationIsVisible = 0;
			defaultConfigurationName = Release;
		};
		4DF59FB22E15A99000EAB1DC /* Build configuration list for PBXNativeTarget "Patient PhotoTests" */ = {
			isa = XCConfigurationList;
			buildConfigurations = (
				4DF59FB32E15A99000EAB1DC /* Debug */,
				4DF59FB42E15A99000EAB1DC /* Release */,
			);
			defaultConfigurationIsVisible = 0;
			defaultConfigurationName = Release;
		};
		4DF59FB52E15A99000EAB1DC /* Build configuration list for PBXNativeTarget "Patient PhotoUITests" */ = {
			isa = XCConfigurationList;
			buildConfigurations = (
				4DF59FB62E15A99000EAB1DC /* Debug */,
				4DF59FB72E15A99000EAB1DC /* Release */,
			);
			defaultConfigurationIsVisible = 0;
			defaultConfigurationName = Release;
		};
/* End XCConfigurationList section */
	};
	rootObject = 4DF59F862E15A98F00EAB1DC /* Project object */;
}
